
Microsoft Visual Studio Solution File, Format Version 12.00
# Visual Studio Version 16
VisualStudioVersion = 16.0.30709.132
MinimumVisualStudioVersion = 10.0.40219.1
Project("{8BC9CEB8-8B4A-11D0-8D11-00A0C91BC942}") = "ADDER_SHIFT_32_bits", "ADDER_SHIFT_32_bits\ADDER_SHIFT_32_bits.vcxproj", "{F283C9CB-E73A-47FA-89B6-161428F1C005}"
EndProject
Global
	GlobalSection(SolutionConfigurationPlatforms) = preSolution
		Debug|x64 = Debug|x64
		Debug|x86 = Debug|x86
		Release|x64 = Release|x64
		Release|x86 = Release|x86
	EndGlobalSection
	GlobalSection(ProjectConfigurationPlatforms) = postSolution
		{F283C9CB-E73A-47FA-89B6-161428F1C005}.Debug|x64.ActiveCfg = Debug|x64
		{F283C9CB-E73A-47FA-89B6-161428F1C005}.Debug|x64.Build.0 = Debug|x64
		{F283C9CB-E73A-47FA-89B6-161428F1C005}.Debug|x86.ActiveCfg = Debug|Win32
		{F283C9CB-E73A-47FA-89B6-161428F1C005}.Debug|x86.Build.0 = Debug|Win32
		{F283C9CB-E73A-47FA-89B6-161428F1C005}.Release|x64.ActiveCfg = Release|x64
		{F283C9CB-E73A-47FA-89B6-161428F1C005}.Release|x64.Build.0 = Release|x64
		{F283C9CB-E73A-47FA-89B6-161428F1C005}.Release|x86.ActiveCfg = Release|Win32
		{F283C9CB-E73A-47FA-89B6-161428F1C005}.Release|x86.Build.0 = Release|Win32
	EndGlobalSection
	GlobalSection(SolutionProperties) = preSolution
		HideSolutionNode = FALSE
	EndGlobalSection
	GlobalSection(ExtensibilityGlobals) = postSolution
		SolutionGuid = {A5C3869E-DC06-4111-BFBA-6A28271D3B83}
	EndGlobalSection
EndGlobal
